
Microsoft Visual Studio Solution File, Format Version 12.00
# Visual Studio 15
VisualStudioVersion = 15.0.28010.2036
MinimumVisualStudioVersion = 10.0.40219.1
Project("{FAE04EC0-301F-11D3-BF4B-00C04F79EFBC}") = "StudentPortal", "StudentPortal\StudentPortal.csproj", "{68373C09-7299-4980-AEA7-548330AE85FB}"
EndProject
Global
	GlobalSection(SolutionConfigurationPlatforms) = preSolution
		Debug|Any CPU = Debug|Any CPU
		Release|Any CPU = Release|Any CPU
	EndGlobalSection
	GlobalSection(ProjectConfigurationPlatforms) = postSolution
		{68373C09-7299-4980-AEA7-548330AE85FB}.Debug|Any CPU.ActiveCfg = Debug|Any CPU
		{68373C09-7299-4980-AEA7-548330AE85FB}.Debug|Any CPU.Build.0 = Debug|Any CPU
		{68373C09-7299-4980-AEA7-548330AE85FB}.Release|Any CPU.ActiveCfg = Release|Any CPU
		{68373C09-7299-4980-AEA7-548330AE85FB}.Release|Any CPU.Build.0 = Release|Any CPU
	EndGlobalSection
	GlobalSection(SolutionProperties) = preSolution
		HideSolutionNode = FALSE
	EndGlobalSection
	GlobalSection(ExtensibilityGlobals) = postSolution
		SolutionGuid = {397EA072-BE93-4A29-B80F-3C40562577F4}
	EndGlobalSection
EndGlobal
